
Microsoft Visual Studio Solution File, Format Version 12.00
# Visual Studio Version 17
VisualStudioVersion = 17.11.35312.102
MinimumVisualStudioVersion = 10.0.40219.1
Project("{9A19103F-16F7-4668-BE54-9A1E7A4F7556}") = "Poker", "Poker\Poker.csproj", "{FE0B7B2E-4AC0-46D9-A81C-FA2CC8A3EAB8}"
EndProject
Project("{FAE04EC0-301F-11D3-BF4B-00C04F79EFBC}") = "lab4ProtectedInfo", "lab4ProtectedInfo\lab4ProtectedInfo.csproj", "{AF22B8C0-2376-4A04-BDC1-270EB05993A5}"
EndProject
Global
	GlobalSection(SolutionConfigurationPlatforms) = preSolution
		Debug|Any CPU = Debug|Any CPU
		Release|Any CPU = Release|Any CPU
	EndGlobalSection
	GlobalSection(ProjectConfigurationPlatforms) = postSolution
		{FE0B7B2E-4AC0-46D9-A81C-FA2CC8A3EAB8}.Debug|Any CPU.ActiveCfg = Debug|Any CPU
		{FE0B7B2E-4AC0-46D9-A81C-FA2CC8A3EAB8}.Debug|Any CPU.Build.0 = Debug|Any CPU
		{FE0B7B2E-4AC0-46D9-A81C-FA2CC8A3EAB8}.Release|Any CPU.ActiveCfg = Release|Any CPU
		{FE0B7B2E-4AC0-46D9-A81C-FA2CC8A3EAB8}.Release|Any CPU.Build.0 = Release|Any CPU
		{AF22B8C0-2376-4A04-BDC1-270EB05993A5}.Debug|Any CPU.ActiveCfg = Debug|Any CPU
		{AF22B8C0-2376-4A04-BDC1-270EB05993A5}.Debug|Any CPU.Build.0 = Debug|Any CPU
		{AF22B8C0-2376-4A04-BDC1-270EB05993A5}.Release|Any CPU.ActiveCfg = Release|Any CPU
		{AF22B8C0-2376-4A04-BDC1-270EB05993A5}.Release|Any CPU.Build.0 = Release|Any CPU
	EndGlobalSection
	GlobalSection(SolutionProperties) = preSolution
		HideSolutionNode = FALSE
	EndGlobalSection
	GlobalSection(ExtensibilityGlobals) = postSolution
		SolutionGuid = {2736C525-BFF5-46D4-A831-34A281A78B49}
	EndGlobalSection
EndGlobal
